
Microsoft Visual Studio Solution File, Format Version 12.00
# Visual Studio 15
VisualStudioVersion = 15.0.27703.2035
MinimumVisualStudioVersion = 10.0.40219.1
Project("{FAE04EC0-301F-11D3-BF4B-00C04F79EFBC}") = "CityTowerServer_DAL", "CityTowerServer_DAL\CityTowerServer_DAL.csproj", "{28847DD6-3F33-400A-A1D8-C35537A45A24}"
EndProject
Project("{FAE04EC0-301F-11D3-BF4B-00C04F79EFBC}") = "CityTowerServer_API", "CityTowerServer_API\CityTowerServer_API.csproj", "{2AFC82E8-09C4-4267-8355-31769F07DA44}"
EndProject
Project("{FAE04EC0-301F-11D3-BF4B-00C04F79EFBC}") = "CityTowerServer", "CityTowerServer\CityTowerServer.csproj", "{44E78116-F71F-4A24-B3FC-0BBCE6C2EB34}"
EndProject
Global
	GlobalSection(SolutionConfigurationPlatforms) = preSolution
		Debug|Any CPU = Debug|Any CPU
		Release|Any CPU = Release|Any CPU
	EndGlobalSection
	GlobalSection(ProjectConfigurationPlatforms) = postSolution
		{28847DD6-3F33-400A-A1D8-C35537A45A24}.Debug|Any CPU.ActiveCfg = Debug|Any CPU
		{28847DD6-3F33-400A-A1D8-C35537A45A24}.Debug|Any CPU.Build.0 = Debug|Any CPU
		{28847DD6-3F33-400A-A1D8-C35537A45A24}.Release|Any CPU.ActiveCfg = Release|Any CPU
		{28847DD6-3F33-400A-A1D8-C35537A45A24}.Release|Any CPU.Build.0 = Release|Any CPU
		{2AFC82E8-09C4-4267-8355-31769F07DA44}.Debug|Any CPU.ActiveCfg = Debug|Any CPU
		{2AFC82E8-09C4-4267-8355-31769F07DA44}.Debug|Any CPU.Build.0 = Debug|Any CPU
		{2AFC82E8-09C4-4267-8355-31769F07DA44}.Release|Any CPU.ActiveCfg = Release|Any CPU
		{2AFC82E8-09C4-4267-8355-31769F07DA44}.Release|Any CPU.Build.0 = Release|Any CPU
		{44E78116-F71F-4A24-B3FC-0BBCE6C2EB34}.Debug|Any CPU.ActiveCfg = Debug|Any CPU
		{44E78116-F71F-4A24-B3FC-0BBCE6C2EB34}.Debug|Any CPU.Build.0 = Debug|Any CPU
		{44E78116-F71F-4A24-B3FC-0BBCE6C2EB34}.Release|Any CPU.ActiveCfg = Release|Any CPU
		{44E78116-F71F-4A24-B3FC-0BBCE6C2EB34}.Release|Any CPU.Build.0 = Release|Any CPU
	EndGlobalSection
	GlobalSection(SolutionProperties) = preSolution
		HideSolutionNode = FALSE
	EndGlobalSection
	GlobalSection(ExtensibilityGlobals) = postSolution
		SolutionGuid = {8C927FD2-1EB5-40D8-A9DD-49AD373579CA}
	EndGlobalSection
EndGlobal
